
Microsoft Visual Studio Solution File, Format Version 12.00
# Visual Studio Version 17
VisualStudioVersion = 17.6.33815.320
MinimumVisualStudioVersion = 10.0.40219.1
Project("{9A19103F-16F7-4668-BE54-9A1E7A4F7556}") = "TianParameterModelForOpt", "TianParameterModelForOpt.csproj", "{EEA82DCA-0C60-4AA1-A43F-B8E6674AB6CF}"
EndProject
Global
	GlobalSection(SolutionConfigurationPlatforms) = preSolution
		Debug|Any CPU = Debug|Any CPU
		Release|Any CPU = Release|Any CPU
	EndGlobalSection
	GlobalSection(ProjectConfigurationPlatforms) = postSolution
		{EEA82DCA-0C60-4AA1-A43F-B8E6674AB6CF}.Debug|Any CPU.ActiveCfg = Debug|Any CPU
		{EEA82DCA-0C60-4AA1-A43F-B8E6674AB6CF}.Debug|Any CPU.Build.0 = Debug|Any CPU
		{EEA82DCA-0C60-4AA1-A43F-B8E6674AB6CF}.Release|Any CPU.ActiveCfg = Release|Any CPU
		{EEA82DCA-0C60-4AA1-A43F-B8E6674AB6CF}.Release|Any CPU.Build.0 = Release|Any CPU
	EndGlobalSection
	GlobalSection(SolutionProperties) = preSolution
		HideSolutionNode = FALSE
	EndGlobalSection
	GlobalSection(ExtensibilityGlobals) = postSolution
		SolutionGuid = {DC5B9834-C472-4F1F-9573-C5AAEDC0AECE}
	EndGlobalSection
EndGlobal
